// !$*UTF8*$!
{
	archiveVersion = 1;
	classes = {
	};
	objectVersion = 52;
	objects = {

/* Begin PBXBuildFile section */
		2D29BAE9246060B400E8BEC4 /* Alert.swift in Sources */ = {isa = PBXBuildFile; fileRef = 2D29BAE8246060B400E8BEC4 /* Alert.swift */; };
		2D29BAF124607DA100E8BEC4 /* ENStatus+Additions.swift in Sources */ = {isa = PBXBuildFile; fileRef = 2D29BAF024607DA100E8BEC4 /* ENStatus+Additions.swift */; };
		2D29BAF324607F2C00E8BEC4 /* UNAuthorizationStatus+Additions.swift in Sources */ = {isa = PBXBuildFile; fileRef = 2D29BAF224607F2C00E8BEC4 /* UNAuthorizationStatus+Additions.swift */; };
		2D29BAF62460951200E8BEC4 /* Menu.swift in Sources */ = {isa = PBXBuildFile; fileRef = 2D29BAF52460951200E8BEC4 /* Menu.swift */; };
		2D29BAF924609F6100E8BEC4 /* MenuTitleText.swift in Sources */ = {isa = PBXBuildFile; fileRef = 2D29BAF824609F6100E8BEC4 /* MenuTitleText.swift */; };
		2D46AA3E2465E1010003936C /* ENExposureConfiguration+CodableExposureConfiguration.swift in Sources */ = {isa = PBXBuildFile; fileRef = 2D46AA382465E1000003936C /* ENExposureConfiguration+CodableExposureConfiguration.swift */; };
		2D46AA3F2465E1010003936C /* UserDefaults+Shared.swift in Sources */ = {isa = PBXBuildFile; fileRef = 2D46AA392465E1000003936C /* UserDefaults+Shared.swift */; };
		2D46AA402465E1010003936C /* CodableDiagnosisKey+ExposureNotification.swift in Sources */ = {isa = PBXBuildFile; fileRef = 2D46AA3A2465E1010003936C /* CodableDiagnosisKey+ExposureNotification.swift */; };
		2D46AA412465E1010003936C /* PositiveDiagnosis+ExposureNotification.swift in Sources */ = {isa = PBXBuildFile; fileRef = 2D46AA3B2465E1010003936C /* PositiveDiagnosis+ExposureNotification.swift */; };
		2D46AA422465E1010003936C /* ENTemporaryExposureKey+CodableDiagnosisKey.swift in Sources */ = {isa = PBXBuildFile; fileRef = 2D46AA3C2465E1010003936C /* ENTemporaryExposureKey+CodableDiagnosisKey.swift */; };
		2D46AA432465E1010003936C /* PositiveDiagnosis.swift in Sources */ = {isa = PBXBuildFile; fileRef = 2D46AA3D2465E1010003936C /* PositiveDiagnosis.swift */; };
		2D46AA472465E10E0003936C /* DiagnosisServerInterface.swift in Sources */ = {isa = PBXBuildFile; fileRef = 2D46AA452465E10E0003936C /* DiagnosisServerInterface.swift */; };
		2D46AA482465E10E0003936C /* CovidWatchDiagnosisServer.swift in Sources */ = {isa = PBXBuildFile; fileRef = 2D46AA462465E10E0003936C /* CovidWatchDiagnosisServer.swift */; };
		2D46AA4D2465E1190003936C /* URLSession+Additions.swift in Sources */ = {isa = PBXBuildFile; fileRef = 2D46AA4A2465E1190003936C /* URLSession+Additions.swift */; };
		2D46AA4E2465E1190003936C /* UIWindow+ViewControllerUtility.swift in Sources */ = {isa = PBXBuildFile; fileRef = 2D46AA4B2465E1190003936C /* UIWindow+ViewControllerUtility.swift */; };
		2D46AA4F2465E1190003936C /* UIViewController+ErrorPresenting.swift in Sources */ = {isa = PBXBuildFile; fileRef = 2D46AA4C2465E1190003936C /* UIViewController+ErrorPresenting.swift */; };
		2D46AA562465E1240003936C /* ExposureManager.swift in Sources */ = {isa = PBXBuildFile; fileRef = 2D46AA512465E1240003936C /* ExposureManager.swift */; };
		2D46AA582465E1240003936C /* DeveloperDiagnosisKeyFileProtobuf.pb.swift in Sources */ = {isa = PBXBuildFile; fileRef = 2D46AA532465E1240003936C /* DeveloperDiagnosisKeyFileProtobuf.pb.swift */; };
		2D46AA592465E1240003936C /* Server.swift in Sources */ = {isa = PBXBuildFile; fileRef = 2D46AA542465E1240003936C /* Server.swift */; };
		2D46AA5A2465E1240003936C /* LocalStore.swift in Sources */ = {isa = PBXBuildFile; fileRef = 2D46AA552465E1240003936C /* LocalStore.swift */; };
		2D46AA5D2465E1710003936C /* SwiftProtobuf in Frameworks */ = {isa = PBXBuildFile; productRef = 2D46AA5C2465E1710003936C /* SwiftProtobuf */; };
		2D46AA5F2465E69E0003936C /* PossibleExposures.swift in Sources */ = {isa = PBXBuildFile; fileRef = 2D46AA5E2465E69E0003936C /* PossibleExposures.swift */; };
		2D46AA622466ADFE0003936C /* HowItWorks0.swift in Sources */ = {isa = PBXBuildFile; fileRef = 2D46AA612466ADFD0003936C /* HowItWorks0.swift */; };
		2D48BF7A245AE51800012E79 /* AppDelegate+BackgroundTasks.swift in Sources */ = {isa = PBXBuildFile; fileRef = 2D48BF79245AE51800012E79 /* AppDelegate+BackgroundTasks.swift */; };
		2D5D9402245FF85C00718412 /* UserData.swift in Sources */ = {isa = PBXBuildFile; fileRef = 2D5D9401245FF85C00718412 /* UserData.swift */; };
		2D5D9405245FF88800718412 /* UserDefaultPropertyWrapper.swift in Sources */ = {isa = PBXBuildFile; fileRef = 2D5D9404245FF88800718412 /* UserDefaultPropertyWrapper.swift */; };
		2D5D94072460000A00718412 /* ApplicationController.swift in Sources */ = {isa = PBXBuildFile; fileRef = 2D5D94062460000A00718412 /* ApplicationController.swift */; };
		2D5D94092460023900718412 /* Splash.swift in Sources */ = {isa = PBXBuildFile; fileRef = 2D5D94082460023900718412 /* Splash.swift */; };
		2D5D940B2460118D00718412 /* Home.swift in Sources */ = {isa = PBXBuildFile; fileRef = 2D5D940A2460118D00718412 /* Home.swift */; };
		2D5D940D246019D500718412 /* HowItWorks.swift in Sources */ = {isa = PBXBuildFile; fileRef = 2D5D940C246019D500718412 /* HowItWorks.swift */; };
		2D5D940F2460231200718412 /* PageViewController.swift in Sources */ = {isa = PBXBuildFile; fileRef = 2D5D940E2460231200718412 /* PageViewController.swift */; };
		2D5D94112460231C00718412 /* PageView.swift in Sources */ = {isa = PBXBuildFile; fileRef = 2D5D94102460231C00718412 /* PageView.swift */; };
		2D5D94132460232A00718412 /* PageControl.swift in Sources */ = {isa = PBXBuildFile; fileRef = 2D5D94122460232A00718412 /* PageControl.swift */; };
		2D5D941624602FE100718412 /* HowItWorks1.swift in Sources */ = {isa = PBXBuildFile; fileRef = 2D5D941524602FE100718412 /* HowItWorks1.swift */; };
		2D63D592245CBCC10027D43B /* OSLog+Additions.swift in Sources */ = {isa = PBXBuildFile; fileRef = 2D63D591245CBCC00027D43B /* OSLog+Additions.swift */; };
		2D74E4692465D429002057B9 /* PossibleExposureSummary.swift in Sources */ = {isa = PBXBuildFile; fileRef = 2D74E4682465D428002057B9 /* PossibleExposureSummary.swift */; };
		2D7942962466CEE1008AF148 /* SmallCallToAction.swift in Sources */ = {isa = PBXBuildFile; fileRef = 2D7942952466CEE0008AF148 /* SmallCallToAction.swift */; };
		2D79429824671F28008AF148 /* PossibleExposureRow.swift in Sources */ = {isa = PBXBuildFile; fileRef = 2D79429724671F28008AF148 /* PossibleExposureRow.swift */; };
		2D79429C2467DB49008AF148 /* PossibleExposure.swift in Sources */ = {isa = PBXBuildFile; fileRef = 2D79429B2467DB49008AF148 /* PossibleExposure.swift */; };
		2D79429E2467E34D008AF148 /* PossibleExposureTable.swift in Sources */ = {isa = PBXBuildFile; fileRef = 2D79429D2467E34D008AF148 /* PossibleExposureTable.swift */; };
		2D7942A02467E915008AF148 /* Reporting.swift in Sources */ = {isa = PBXBuildFile; fileRef = 2D79429F2467E915008AF148 /* Reporting.swift */; };
		2D7942A52467FB40008AF148 /* ReportingCallCode.swift in Sources */ = {isa = PBXBuildFile; fileRef = 2D7942A42467FB40008AF148 /* ReportingCallCode.swift */; };
		2D7942A724682EFA008AF148 /* ReportingFinish.swift in Sources */ = {isa = PBXBuildFile; fileRef = 2D7942A624682EF9008AF148 /* ReportingFinish.swift */; };
		2D9034B62460396300351C3C /* HowItWorksTitleText.swift in Sources */ = {isa = PBXBuildFile; fileRef = 2D9034B52460396300351C3C /* HowItWorksTitleText.swift */; };
		2D9034B824603D6200351C3C /* HowItWorks2.swift in Sources */ = {isa = PBXBuildFile; fileRef = 2D9034B724603D6200351C3C /* HowItWorks2.swift */; };
		2D9034BA24603E1A00351C3C /* HowItWorks3.swift in Sources */ = {isa = PBXBuildFile; fileRef = 2D9034B924603E1A00351C3C /* HowItWorks3.swift */; };
		2D9034BC24603EA600351C3C /* HowItWorks4.swift in Sources */ = {isa = PBXBuildFile; fileRef = 2D9034BB24603EA600351C3C /* HowItWorks4.swift */; };
		2D9034BE24603F4D00351C3C /* HowItWorksSubtitleText.swift in Sources */ = {isa = PBXBuildFile; fileRef = 2D9034BD24603F4D00351C3C /* HowItWorksSubtitleText.swift */; };
		2D9034C52460498A00351C3C /* Setup.swift in Sources */ = {isa = PBXBuildFile; fileRef = 2D9034C42460498A00351C3C /* Setup.swift */; };
		2D9034C7246049EC00351C3C /* Setup1.swift in Sources */ = {isa = PBXBuildFile; fileRef = 2D9034C6246049EC00351C3C /* Setup1.swift */; };
		2D9034C924604BB000351C3C /* Setup2.swift in Sources */ = {isa = PBXBuildFile; fileRef = 2D9034C824604BB000351C3C /* Setup2.swift */; };
		2D9CF3CE2455B9F1005B085E /* AppDelegate.swift in Sources */ = {isa = PBXBuildFile; fileRef = 2D9CF3CD2455B9F1005B085E /* AppDelegate.swift */; };
		2D9CF3DA2455B9F4005B085E /* Assets.xcassets in Resources */ = {isa = PBXBuildFile; fileRef = 2D9CF3D92455B9F4005B085E /* Assets.xcassets */; };
		2D9CF3DD2455B9F4005B085E /* LaunchScreen.storyboard in Resources */ = {isa = PBXBuildFile; fileRef = 2D9CF3DB2455B9F4005B085E /* LaunchScreen.storyboard */; };
		2D9CF3E82455B9F5005B085E /* CovidWatchTests.swift in Sources */ = {isa = PBXBuildFile; fileRef = 2D9CF3E72455B9F5005B085E /* CovidWatchTests.swift */; };
		2D9CF3F32455B9F5005B085E /* CovidWatchUITests.swift in Sources */ = {isa = PBXBuildFile; fileRef = 2D9CF3F22455B9F5005B085E /* CovidWatchUITests.swift */; };
		2D9E6B2D2456E9A800150D1C /* AppDelegate+UserNotificationCenter.swift in Sources */ = {isa = PBXBuildFile; fileRef = 2D9E6B2C2456E9A700150D1C /* AppDelegate+UserNotificationCenter.swift */; };
		2DA839A32462FD5C004BD707 /* Blur.swift in Sources */ = {isa = PBXBuildFile; fileRef = 2DA839A22462FD5B004BD707 /* Blur.swift */; };
		2DD7B442245F3FF2001B30F0 /* ContentView.swift in Sources */ = {isa = PBXBuildFile; fileRef = 2DD7B441245F3FF1001B30F0 /* ContentView.swift */; };
		2DD7B445245F4DE7001B30F0 /* HeaderBar.swift in Sources */ = {isa = PBXBuildFile; fileRef = 2DD7B444245F4DE7001B30F0 /* HeaderBar.swift */; };
		2DD7B46C245F50A0001B30F0 /* Roboto-Medium.ttf in Resources */ = {isa = PBXBuildFile; fileRef = 2DD7B447245F50A0001B30F0 /* Roboto-Medium.ttf */; };
		2DD7B46D245F50A0001B30F0 /* Roboto-Light.ttf in Resources */ = {isa = PBXBuildFile; fileRef = 2DD7B448245F50A0001B30F0 /* Roboto-Light.ttf */; };
		2DD7B46E245F50A0001B30F0 /* Montserrat-LightItalic.ttf in Resources */ = {isa = PBXBuildFile; fileRef = 2DD7B449245F50A0001B30F0 /* Montserrat-LightItalic.ttf */; };
		2DD7B46F245F50A0001B30F0 /* Montserrat-Medium.ttf in Resources */ = {isa = PBXBuildFile; fileRef = 2DD7B44A245F50A0001B30F0 /* Montserrat-Medium.ttf */; };
		2DD7B470245F50A0001B30F0 /* RobotoCondensed-Bold.ttf in Resources */ = {isa = PBXBuildFile; fileRef = 2DD7B44B245F50A0001B30F0 /* RobotoCondensed-Bold.ttf */; };
		2DD7B471245F50A0001B30F0 /* RobotoCondensed-Light.ttf in Resources */ = {isa = PBXBuildFile; fileRef = 2DD7B44C245F50A0001B30F0 /* RobotoCondensed-Light.ttf */; };
		2DD7B472245F50A0001B30F0 /* Roboto-Regular.ttf in Resources */ = {isa = PBXBuildFile; fileRef = 2DD7B44D245F50A0001B30F0 /* Roboto-Regular.ttf */; };
		2DD7B473245F50A0001B30F0 /* Roboto-MediumItalic.ttf in Resources */ = {isa = PBXBuildFile; fileRef = 2DD7B44E245F50A0001B30F0 /* Roboto-MediumItalic.ttf */; };
		2DD7B474245F50A0001B30F0 /* Montserrat-BoldItalic.ttf in Resources */ = {isa = PBXBuildFile; fileRef = 2DD7B44F245F50A0001B30F0 /* Montserrat-BoldItalic.ttf */; };
		2DD7B475245F50A0001B30F0 /* Montserrat-Light.ttf in Resources */ = {isa = PBXBuildFile; fileRef = 2DD7B450245F50A0001B30F0 /* Montserrat-Light.ttf */; };
		2DD7B476245F50A0001B30F0 /* Montserrat-ThinItalic.ttf in Resources */ = {isa = PBXBuildFile; fileRef = 2DD7B451245F50A0001B30F0 /* Montserrat-ThinItalic.ttf */; };
		2DD7B477245F50A0001B30F0 /* RobotoCondensed-Italic.ttf in Resources */ = {isa = PBXBuildFile; fileRef = 2DD7B452245F50A0001B30F0 /* RobotoCondensed-Italic.ttf */; };
		2DD7B478245F50A0001B30F0 /* Montserrat-ExtraLight.ttf in Resources */ = {isa = PBXBuildFile; fileRef = 2DD7B453245F50A0001B30F0 /* Montserrat-ExtraLight.ttf */; };
		2DD7B479245F50A0001B30F0 /* Montserrat-Thin.ttf in Resources */ = {isa = PBXBuildFile; fileRef = 2DD7B454245F50A0001B30F0 /* Montserrat-Thin.ttf */; };
		2DD7B47A245F50A0001B30F0 /* RobotoCondensed-BoldItalic.ttf in Resources */ = {isa = PBXBuildFile; fileRef = 2DD7B455245F50A0001B30F0 /* RobotoCondensed-BoldItalic.ttf */; };
		2DD7B47B245F50A0001B30F0 /* Montserrat-Bold.ttf in Resources */ = {isa = PBXBuildFile; fileRef = 2DD7B456245F50A0001B30F0 /* Montserrat-Bold.ttf */; };
		2DD7B47C245F50A0001B30F0 /* Montserrat-MediumItalic.ttf in Resources */ = {isa = PBXBuildFile; fileRef = 2DD7B457245F50A0001B30F0 /* Montserrat-MediumItalic.ttf */; };
		2DD7B47D245F50A0001B30F0 /* Apache License.txt in Resources */ = {isa = PBXBuildFile; fileRef = 2DD7B458245F50A0001B30F0 /* Apache License.txt */; };
		2DD7B47E245F50A0001B30F0 /* Montserrat-BlackItalic.ttf in Resources */ = {isa = PBXBuildFile; fileRef = 2DD7B459245F50A0001B30F0 /* Montserrat-BlackItalic.ttf */; };
		2DD7B47F245F50A0001B30F0 /* RobotoCondensed-LightItalic.ttf in Resources */ = {isa = PBXBuildFile; fileRef = 2DD7B45A245F50A0001B30F0 /* RobotoCondensed-LightItalic.ttf */; };
		2DD7B480245F50A0001B30F0 /* Montserrat-SemiBold.ttf in Resources */ = {isa = PBXBuildFile; fileRef = 2DD7B45B245F50A0001B30F0 /* Montserrat-SemiBold.ttf */; };
		2DD7B481245F50A0001B30F0 /* Montserrat-ExtraLightItalic.ttf in Resources */ = {isa = PBXBuildFile; fileRef = 2DD7B45C245F50A0001B30F0 /* Montserrat-ExtraLightItalic.ttf */; };
		2DD7B482245F50A0001B30F0 /* Montserrat-ExtraBold.ttf in Resources */ = {isa = PBXBuildFile; fileRef = 2DD7B45D245F50A0001B30F0 /* Montserrat-ExtraBold.ttf */; };
		2DD7B483245F50A0001B30F0 /* Roboto-ThinItalic.ttf in Resources */ = {isa = PBXBuildFile; fileRef = 2DD7B45E245F50A0001B30F0 /* Roboto-ThinItalic.ttf */; };
		2DD7B484245F50A0001B30F0 /* RobotoCondensed-Regular.ttf in Resources */ = {isa = PBXBuildFile; fileRef = 2DD7B45F245F50A0001B30F0 /* RobotoCondensed-Regular.ttf */; };
		2DD7B485245F50A0001B30F0 /* Roboto-BoldItalic.ttf in Resources */ = {isa = PBXBuildFile; fileRef = 2DD7B460245F50A0001B30F0 /* Roboto-BoldItalic.ttf */; };
		2DD7B486245F50A0001B30F0 /* Montserrat-Black.ttf in Resources */ = {isa = PBXBuildFile; fileRef = 2DD7B461245F50A0001B30F0 /* Montserrat-Black.ttf */; };
		2DD7B487245F50A0001B30F0 /* Roboto-LightItalic.ttf in Resources */ = {isa = PBXBuildFile; fileRef = 2DD7B462245F50A0001B30F0 /* Roboto-LightItalic.ttf */; };
		2DD7B488245F50A0001B30F0 /* Montserrat-Regular.ttf in Resources */ = {isa = PBXBuildFile; fileRef = 2DD7B463245F50A0001B30F0 /* Montserrat-Regular.ttf */; };
		2DD7B489245F50A0001B30F0 /* Montserrat-Italic.ttf in Resources */ = {isa = PBXBuildFile; fileRef = 2DD7B464245F50A0001B30F0 /* Montserrat-Italic.ttf */; };
		2DD7B48A245F50A0001B30F0 /* Roboto-Italic.ttf in Resources */ = {isa = PBXBuildFile; fileRef = 2DD7B465245F50A0001B30F0 /* Roboto-Italic.ttf */; };
		2DD7B48B245F50A0001B30F0 /* Roboto-BlackItalic.ttf in Resources */ = {isa = PBXBuildFile; fileRef = 2DD7B466245F50A0001B30F0 /* Roboto-BlackItalic.ttf */; };
		2DD7B48C245F50A0001B30F0 /* Roboto-Bold.ttf in Resources */ = {isa = PBXBuildFile; fileRef = 2DD7B467245F50A0001B30F0 /* Roboto-Bold.ttf */; };
		2DD7B48D245F50A0001B30F0 /* Roboto-Thin.ttf in Resources */ = {isa = PBXBuildFile; fileRef = 2DD7B468245F50A0001B30F0 /* Roboto-Thin.ttf */; };
		2DD7B48E245F50A0001B30F0 /* Roboto-Black.ttf in Resources */ = {isa = PBXBuildFile; fileRef = 2DD7B469245F50A0001B30F0 /* Roboto-Black.ttf */; };
		2DD7B48F245F50A0001B30F0 /* Montserrat-SemiBoldItalic.ttf in Resources */ = {isa = PBXBuildFile; fileRef = 2DD7B46A245F50A0001B30F0 /* Montserrat-SemiBoldItalic.ttf */; };
		2DD7B490245F50A0001B30F0 /* Montserrat-ExtraBoldItalic.ttf in Resources */ = {isa = PBXBuildFile; fileRef = 2DD7B46B245F50A0001B30F0 /* Montserrat-ExtraBoldItalic.ttf */; };
		2DD7B492245F640C001B30F0 /* TitleText.swift in Sources */ = {isa = PBXBuildFile; fileRef = 2DD7B491245F640C001B30F0 /* TitleText.swift */; };
		2DD7B494245F646D001B30F0 /* SubtitleText.swift in Sources */ = {isa = PBXBuildFile; fileRef = 2DD7B493245F646D001B30F0 /* SubtitleText.swift */; };
		2DD7B496245F64D8001B30F0 /* CallToAction.swift in Sources */ = {isa = PBXBuildFile; fileRef = 2DD7B495245F64D8001B30F0 /* CallToAction.swift */; };
		2DD7B498245F65E1001B30F0 /* SubCallToAction.swift in Sources */ = {isa = PBXBuildFile; fileRef = 2DD7B497245F65E1001B30F0 /* SubCallToAction.swift */; };
		2DD7B49A245F66F2001B30F0 /* Constants.swift in Sources */ = {isa = PBXBuildFile; fileRef = 2DD7B499245F66F2001B30F0 /* Constants.swift */; };
		E2209580245BA49400819BD1 /* Environment.swift in Sources */ = {isa = PBXBuildFile; fileRef = E220957F245BA49400819BD1 /* Environment.swift */; };
/* End PBXBuildFile section */

/* Begin PBXContainerItemProxy section */
		2D9CF3E42455B9F5005B085E /* PBXContainerItemProxy */ = {
			isa = PBXContainerItemProxy;
			containerPortal = 2D9CF3C22455B9F1005B085E /* Project object */;
			proxyType = 1;
			remoteGlobalIDString = 2D9CF3C92455B9F1005B085E;
			remoteInfo = CovidWatch;
		};
		2D9CF3EF2455B9F5005B085E /* PBXContainerItemProxy */ = {
			isa = PBXContainerItemProxy;
			containerPortal = 2D9CF3C22455B9F1005B085E /* Project object */;
			proxyType = 1;
			remoteGlobalIDString = 2D9CF3C92455B9F1005B085E;
			remoteInfo = CovidWatch;
		};
/* End PBXContainerItemProxy section */

/* Begin PBXFileReference section */
		2D29BAE8246060B400E8BEC4 /* Alert.swift */ = {isa = PBXFileReference; lastKnownFileType = sourcecode.swift; path = Alert.swift; sourceTree = "<group>"; };
		2D29BAF024607DA100E8BEC4 /* ENStatus+Additions.swift */ = {isa = PBXFileReference; lastKnownFileType = sourcecode.swift; path = "ENStatus+Additions.swift"; sourceTree = "<group>"; };
		2D29BAF224607F2C00E8BEC4 /* UNAuthorizationStatus+Additions.swift */ = {isa = PBXFileReference; lastKnownFileType = sourcecode.swift; path = "UNAuthorizationStatus+Additions.swift"; sourceTree = "<group>"; };
		2D29BAF52460951200E8BEC4 /* Menu.swift */ = {isa = PBXFileReference; lastKnownFileType = sourcecode.swift; path = Menu.swift; sourceTree = "<group>"; };
		2D29BAF824609F6100E8BEC4 /* MenuTitleText.swift */ = {isa = PBXFileReference; fileEncoding = 4; lastKnownFileType = sourcecode.swift; path = MenuTitleText.swift; sourceTree = "<group>"; };
		2D46AA382465E1000003936C /* ENExposureConfiguration+CodableExposureConfiguration.swift */ = {isa = PBXFileReference; fileEncoding = 4; lastKnownFileType = sourcecode.swift; path = "ENExposureConfiguration+CodableExposureConfiguration.swift"; sourceTree = "<group>"; };
		2D46AA392465E1000003936C /* UserDefaults+Shared.swift */ = {isa = PBXFileReference; fileEncoding = 4; lastKnownFileType = sourcecode.swift; path = "UserDefaults+Shared.swift"; sourceTree = "<group>"; };
		2D46AA3A2465E1010003936C /* CodableDiagnosisKey+ExposureNotification.swift */ = {isa = PBXFileReference; fileEncoding = 4; lastKnownFileType = sourcecode.swift; path = "CodableDiagnosisKey+ExposureNotification.swift"; sourceTree = "<group>"; };
		2D46AA3B2465E1010003936C /* PositiveDiagnosis+ExposureNotification.swift */ = {isa = PBXFileReference; fileEncoding = 4; lastKnownFileType = sourcecode.swift; path = "PositiveDiagnosis+ExposureNotification.swift"; sourceTree = "<group>"; };
		2D46AA3C2465E1010003936C /* ENTemporaryExposureKey+CodableDiagnosisKey.swift */ = {isa = PBXFileReference; fileEncoding = 4; lastKnownFileType = sourcecode.swift; path = "ENTemporaryExposureKey+CodableDiagnosisKey.swift"; sourceTree = "<group>"; };
		2D46AA3D2465E1010003936C /* PositiveDiagnosis.swift */ = {isa = PBXFileReference; fileEncoding = 4; lastKnownFileType = sourcecode.swift; path = PositiveDiagnosis.swift; sourceTree = "<group>"; };
		2D46AA452465E10E0003936C /* DiagnosisServerInterface.swift */ = {isa = PBXFileReference; fileEncoding = 4; lastKnownFileType = sourcecode.swift; path = DiagnosisServerInterface.swift; sourceTree = "<group>"; };
		2D46AA462465E10E0003936C /* CovidWatchDiagnosisServer.swift */ = {isa = PBXFileReference; fileEncoding = 4; lastKnownFileType = sourcecode.swift; path = CovidWatchDiagnosisServer.swift; sourceTree = "<group>"; };
		2D46AA4A2465E1190003936C /* URLSession+Additions.swift */ = {isa = PBXFileReference; fileEncoding = 4; lastKnownFileType = sourcecode.swift; path = "URLSession+Additions.swift"; sourceTree = "<group>"; };
		2D46AA4B2465E1190003936C /* UIWindow+ViewControllerUtility.swift */ = {isa = PBXFileReference; fileEncoding = 4; lastKnownFileType = sourcecode.swift; path = "UIWindow+ViewControllerUtility.swift"; sourceTree = "<group>"; };
		2D46AA4C2465E1190003936C /* UIViewController+ErrorPresenting.swift */ = {isa = PBXFileReference; fileEncoding = 4; lastKnownFileType = sourcecode.swift; path = "UIViewController+ErrorPresenting.swift"; sourceTree = "<group>"; };
		2D46AA512465E1240003936C /* ExposureManager.swift */ = {isa = PBXFileReference; fileEncoding = 4; lastKnownFileType = sourcecode.swift; path = ExposureManager.swift; sourceTree = "<group>"; };
		2D46AA522465E1240003936C /* DeveloperDiagnosisKeyFileProtobuf.proto */ = {isa = PBXFileReference; fileEncoding = 4; lastKnownFileType = sourcecode.protobuf; path = DeveloperDiagnosisKeyFileProtobuf.proto; sourceTree = "<group>"; };
		2D46AA532465E1240003936C /* DeveloperDiagnosisKeyFileProtobuf.pb.swift */ = {isa = PBXFileReference; fileEncoding = 4; lastKnownFileType = sourcecode.swift; path = DeveloperDiagnosisKeyFileProtobuf.pb.swift; sourceTree = "<group>"; };
		2D46AA542465E1240003936C /* Server.swift */ = {isa = PBXFileReference; fileEncoding = 4; lastKnownFileType = sourcecode.swift; path = Server.swift; sourceTree = "<group>"; };
		2D46AA552465E1240003936C /* LocalStore.swift */ = {isa = PBXFileReference; fileEncoding = 4; lastKnownFileType = sourcecode.swift; path = LocalStore.swift; sourceTree = "<group>"; };
		2D46AA5E2465E69E0003936C /* PossibleExposures.swift */ = {isa = PBXFileReference; lastKnownFileType = sourcecode.swift; path = PossibleExposures.swift; sourceTree = "<group>"; };
		2D46AA612466ADFD0003936C /* HowItWorks0.swift */ = {isa = PBXFileReference; fileEncoding = 4; lastKnownFileType = sourcecode.swift; path = HowItWorks0.swift; sourceTree = "<group>"; };
		2D48BF79245AE51800012E79 /* AppDelegate+BackgroundTasks.swift */ = {isa = PBXFileReference; fileEncoding = 4; lastKnownFileType = sourcecode.swift; path = "AppDelegate+BackgroundTasks.swift"; sourceTree = "<group>"; };
		2D48BF7B245B21BC00012E79 /* Covid Watch.entitlements */ = {isa = PBXFileReference; lastKnownFileType = text.plist.entitlements; path = "Covid Watch.entitlements"; sourceTree = "<group>"; };
		2D5D9401245FF85C00718412 /* UserData.swift */ = {isa = PBXFileReference; fileEncoding = 4; lastKnownFileType = sourcecode.swift; path = UserData.swift; sourceTree = "<group>"; };
		2D5D9404245FF88800718412 /* UserDefaultPropertyWrapper.swift */ = {isa = PBXFileReference; fileEncoding = 4; lastKnownFileType = sourcecode.swift; path = UserDefaultPropertyWrapper.swift; sourceTree = "<group>"; };
		2D5D94062460000A00718412 /* ApplicationController.swift */ = {isa = PBXFileReference; lastKnownFileType = sourcecode.swift; path = ApplicationController.swift; sourceTree = "<group>"; };
		2D5D94082460023900718412 /* Splash.swift */ = {isa = PBXFileReference; lastKnownFileType = sourcecode.swift; path = Splash.swift; sourceTree = "<group>"; };
		2D5D940A2460118D00718412 /* Home.swift */ = {isa = PBXFileReference; lastKnownFileType = sourcecode.swift; path = Home.swift; sourceTree = "<group>"; };
		2D5D940C246019D500718412 /* HowItWorks.swift */ = {isa = PBXFileReference; lastKnownFileType = sourcecode.swift; path = HowItWorks.swift; sourceTree = "<group>"; };
		2D5D940E2460231200718412 /* PageViewController.swift */ = {isa = PBXFileReference; fileEncoding = 4; lastKnownFileType = sourcecode.swift; path = PageViewController.swift; sourceTree = "<group>"; };
		2D5D94102460231C00718412 /* PageView.swift */ = {isa = PBXFileReference; fileEncoding = 4; lastKnownFileType = sourcecode.swift; path = PageView.swift; sourceTree = "<group>"; };
		2D5D94122460232A00718412 /* PageControl.swift */ = {isa = PBXFileReference; fileEncoding = 4; lastKnownFileType = sourcecode.swift; path = PageControl.swift; sourceTree = "<group>"; };
		2D5D941524602FE100718412 /* HowItWorks1.swift */ = {isa = PBXFileReference; lastKnownFileType = sourcecode.swift; path = HowItWorks1.swift; sourceTree = "<group>"; };
		2D63D591245CBCC00027D43B /* OSLog+Additions.swift */ = {isa = PBXFileReference; fileEncoding = 4; lastKnownFileType = sourcecode.swift; path = "OSLog+Additions.swift"; sourceTree = "<group>"; };
		2D74E4682465D428002057B9 /* PossibleExposureSummary.swift */ = {isa = PBXFileReference; lastKnownFileType = sourcecode.swift; path = PossibleExposureSummary.swift; sourceTree = "<group>"; };
		2D7942952466CEE0008AF148 /* SmallCallToAction.swift */ = {isa = PBXFileReference; fileEncoding = 4; lastKnownFileType = sourcecode.swift; path = SmallCallToAction.swift; sourceTree = "<group>"; };
		2D79429724671F28008AF148 /* PossibleExposureRow.swift */ = {isa = PBXFileReference; lastKnownFileType = sourcecode.swift; path = PossibleExposureRow.swift; sourceTree = "<group>"; };
		2D79429B2467DB49008AF148 /* PossibleExposure.swift */ = {isa = PBXFileReference; lastKnownFileType = sourcecode.swift; path = PossibleExposure.swift; sourceTree = "<group>"; };
		2D79429D2467E34D008AF148 /* PossibleExposureTable.swift */ = {isa = PBXFileReference; lastKnownFileType = sourcecode.swift; path = PossibleExposureTable.swift; sourceTree = "<group>"; };
		2D79429F2467E915008AF148 /* Reporting.swift */ = {isa = PBXFileReference; lastKnownFileType = sourcecode.swift; path = Reporting.swift; sourceTree = "<group>"; };
		2D7942A42467FB40008AF148 /* ReportingCallCode.swift */ = {isa = PBXFileReference; lastKnownFileType = sourcecode.swift; path = ReportingCallCode.swift; sourceTree = "<group>"; };
		2D7942A624682EF9008AF148 /* ReportingFinish.swift */ = {isa = PBXFileReference; lastKnownFileType = sourcecode.swift; path = ReportingFinish.swift; sourceTree = "<group>"; };
		2D9034B52460396300351C3C /* HowItWorksTitleText.swift */ = {isa = PBXFileReference; fileEncoding = 4; lastKnownFileType = sourcecode.swift; path = HowItWorksTitleText.swift; sourceTree = "<group>"; };
		2D9034B724603D6200351C3C /* HowItWorks2.swift */ = {isa = PBXFileReference; fileEncoding = 4; lastKnownFileType = sourcecode.swift; path = HowItWorks2.swift; sourceTree = "<group>"; };
		2D9034B924603E1A00351C3C /* HowItWorks3.swift */ = {isa = PBXFileReference; fileEncoding = 4; lastKnownFileType = sourcecode.swift; path = HowItWorks3.swift; sourceTree = "<group>"; };
		2D9034BB24603EA600351C3C /* HowItWorks4.swift */ = {isa = PBXFileReference; fileEncoding = 4; lastKnownFileType = sourcecode.swift; path = HowItWorks4.swift; sourceTree = "<group>"; };
		2D9034BD24603F4D00351C3C /* HowItWorksSubtitleText.swift */ = {isa = PBXFileReference; fileEncoding = 4; lastKnownFileType = sourcecode.swift; path = HowItWorksSubtitleText.swift; sourceTree = "<group>"; };
		2D9034C42460498A00351C3C /* Setup.swift */ = {isa = PBXFileReference; fileEncoding = 4; lastKnownFileType = sourcecode.swift; path = Setup.swift; sourceTree = "<group>"; };
		2D9034C6246049EC00351C3C /* Setup1.swift */ = {isa = PBXFileReference; fileEncoding = 4; lastKnownFileType = sourcecode.swift; path = Setup1.swift; sourceTree = "<group>"; };
		2D9034C824604BB000351C3C /* Setup2.swift */ = {isa = PBXFileReference; fileEncoding = 4; lastKnownFileType = sourcecode.swift; path = Setup2.swift; sourceTree = "<group>"; };
		2D9CF3CA2455B9F1005B085E /* Covid Watch.app */ = {isa = PBXFileReference; explicitFileType = wrapper.application; includeInIndex = 0; path = "Covid Watch.app"; sourceTree = BUILT_PRODUCTS_DIR; };
		2D9CF3CD2455B9F1005B085E /* AppDelegate.swift */ = {isa = PBXFileReference; lastKnownFileType = sourcecode.swift; path = AppDelegate.swift; sourceTree = "<group>"; };
		2D9CF3D92455B9F4005B085E /* Assets.xcassets */ = {isa = PBXFileReference; lastKnownFileType = folder.assetcatalog; path = Assets.xcassets; sourceTree = "<group>"; };
		2D9CF3DC2455B9F4005B085E /* Base */ = {isa = PBXFileReference; lastKnownFileType = file.storyboard; name = Base; path = Base.lproj/LaunchScreen.storyboard; sourceTree = "<group>"; };
		2D9CF3DE2455B9F4005B085E /* Info.plist */ = {isa = PBXFileReference; lastKnownFileType = text.plist.xml; path = Info.plist; sourceTree = "<group>"; };
		2D9CF3E32455B9F5005B085E /* CovidWatchTests.xctest */ = {isa = PBXFileReference; explicitFileType = wrapper.cfbundle; includeInIndex = 0; path = CovidWatchTests.xctest; sourceTree = BUILT_PRODUCTS_DIR; };
		2D9CF3E72455B9F5005B085E /* CovidWatchTests.swift */ = {isa = PBXFileReference; lastKnownFileType = sourcecode.swift; path = CovidWatchTests.swift; sourceTree = "<group>"; };
		2D9CF3E92455B9F5005B085E /* Info.plist */ = {isa = PBXFileReference; lastKnownFileType = text.plist.xml; path = Info.plist; sourceTree = "<group>"; };
		2D9CF3EE2455B9F5005B085E /* CovidWatchUITests.xctest */ = {isa = PBXFileReference; explicitFileType = wrapper.cfbundle; includeInIndex = 0; path = CovidWatchUITests.xctest; sourceTree = BUILT_PRODUCTS_DIR; };
		2D9CF3F22455B9F5005B085E /* CovidWatchUITests.swift */ = {isa = PBXFileReference; lastKnownFileType = sourcecode.swift; path = CovidWatchUITests.swift; sourceTree = "<group>"; };
		2D9CF3F42455B9F5005B085E /* Info.plist */ = {isa = PBXFileReference; lastKnownFileType = text.plist.xml; path = Info.plist; sourceTree = "<group>"; };
		2D9E6B2C2456E9A700150D1C /* AppDelegate+UserNotificationCenter.swift */ = {isa = PBXFileReference; fileEncoding = 4; lastKnownFileType = sourcecode.swift; path = "AppDelegate+UserNotificationCenter.swift"; sourceTree = "<group>"; };
		2DA839A22462FD5B004BD707 /* Blur.swift */ = {isa = PBXFileReference; fileEncoding = 4; lastKnownFileType = sourcecode.swift; path = Blur.swift; sourceTree = "<group>"; };
		2DD7B441245F3FF1001B30F0 /* ContentView.swift */ = {isa = PBXFileReference; fileEncoding = 4; lastKnownFileType = sourcecode.swift; path = ContentView.swift; sourceTree = "<group>"; };
		2DD7B444245F4DE7001B30F0 /* HeaderBar.swift */ = {isa = PBXFileReference; lastKnownFileType = sourcecode.swift; path = HeaderBar.swift; sourceTree = "<group>"; };
		2DD7B447245F50A0001B30F0 /* Roboto-Medium.ttf */ = {isa = PBXFileReference; lastKnownFileType = file; path = "Roboto-Medium.ttf"; sourceTree = "<group>"; };
		2DD7B448245F50A0001B30F0 /* Roboto-Light.ttf */ = {isa = PBXFileReference; lastKnownFileType = file; path = "Roboto-Light.ttf"; sourceTree = "<group>"; };
		2DD7B449245F50A0001B30F0 /* Montserrat-LightItalic.ttf */ = {isa = PBXFileReference; lastKnownFileType = file; path = "Montserrat-LightItalic.ttf"; sourceTree = "<group>"; };
		2DD7B44A245F50A0001B30F0 /* Montserrat-Medium.ttf */ = {isa = PBXFileReference; lastKnownFileType = file; path = "Montserrat-Medium.ttf"; sourceTree = "<group>"; };
		2DD7B44B245F50A0001B30F0 /* RobotoCondensed-Bold.ttf */ = {isa = PBXFileReference; lastKnownFileType = file; path = "RobotoCondensed-Bold.ttf"; sourceTree = "<group>"; };
		2DD7B44C245F50A0001B30F0 /* RobotoCondensed-Light.ttf */ = {isa = PBXFileReference; lastKnownFileType = file; path = "RobotoCondensed-Light.ttf"; sourceTree = "<group>"; };
		2DD7B44D245F50A0001B30F0 /* Roboto-Regular.ttf */ = {isa = PBXFileReference; lastKnownFileType = file; path = "Roboto-Regular.ttf"; sourceTree = "<group>"; };
		2DD7B44E245F50A0001B30F0 /* Roboto-MediumItalic.ttf */ = {isa = PBXFileReference; lastKnownFileType = file; path = "Roboto-MediumItalic.ttf"; sourceTree = "<group>"; };
		2DD7B44F245F50A0001B30F0 /* Montserrat-BoldItalic.ttf */ = {isa = PBXFileReference; lastKnownFileType = file; path = "Montserrat-BoldItalic.ttf"; sourceTree = "<group>"; };
		2DD7B450245F50A0001B30F0 /* Montserrat-Light.ttf */ = {isa = PBXFileReference; lastKnownFileType = file; path = "Montserrat-Light.ttf"; sourceTree = "<group>"; };
		2DD7B451245F50A0001B30F0 /* Montserrat-ThinItalic.ttf */ = {isa = PBXFileReference; lastKnownFileType = file; path = "Montserrat-ThinItalic.ttf"; sourceTree = "<group>"; };
		2DD7B452245F50A0001B30F0 /* RobotoCondensed-Italic.ttf */ = {isa = PBXFileReference; lastKnownFileType = file; path = "RobotoCondensed-Italic.ttf"; sourceTree = "<group>"; };
		2DD7B453245F50A0001B30F0 /* Montserrat-ExtraLight.ttf */ = {isa = PBXFileReference; lastKnownFileType = file; path = "Montserrat-ExtraLight.ttf"; sourceTree = "<group>"; };
		2DD7B454245F50A0001B30F0 /* Montserrat-Thin.ttf */ = {isa = PBXFileReference; lastKnownFileType = file; path = "Montserrat-Thin.ttf"; sourceTree = "<group>"; };
		2DD7B455245F50A0001B30F0 /* RobotoCondensed-BoldItalic.ttf */ = {isa = PBXFileReference; lastKnownFileType = file; path = "RobotoCondensed-BoldItalic.ttf"; sourceTree = "<group>"; };
		2DD7B456245F50A0001B30F0 /* Montserrat-Bold.ttf */ = {isa = PBXFileReference; lastKnownFileType = file; path = "Montserrat-Bold.ttf"; sourceTree = "<group>"; };
		2DD7B457245F50A0001B30F0 /* Montserrat-MediumItalic.ttf */ = {isa = PBXFileReference; lastKnownFileType = file; path = "Montserrat-MediumItalic.ttf"; sourceTree = "<group>"; };
		2DD7B458245F50A0001B30F0 /* Apache License.txt */ = {isa = PBXFileReference; fileEncoding = 4; lastKnownFileType = text; path = "Apache License.txt"; sourceTree = "<group>"; };
		2DD7B459245F50A0001B30F0 /* Montserrat-BlackItalic.ttf */ = {isa = PBXFileReference; lastKnownFileType = file; path = "Montserrat-BlackItalic.ttf"; sourceTree = "<group>"; };
		2DD7B45A245F50A0001B30F0 /* RobotoCondensed-LightItalic.ttf */ = {isa = PBXFileReference; lastKnownFileType = file; path = "RobotoCondensed-LightItalic.ttf"; sourceTree = "<group>"; };
		2DD7B45B245F50A0001B30F0 /* Montserrat-SemiBold.ttf */ = {isa = PBXFileReference; lastKnownFileType = file; path = "Montserrat-SemiBold.ttf"; sourceTree = "<group>"; };
		2DD7B45C245F50A0001B30F0 /* Montserrat-ExtraLightItalic.ttf */ = {isa = PBXFileReference; lastKnownFileType = file; path = "Montserrat-ExtraLightItalic.ttf"; sourceTree = "<group>"; };
		2DD7B45D245F50A0001B30F0 /* Montserrat-ExtraBold.ttf */ = {isa = PBXFileReference; lastKnownFileType = file; path = "Montserrat-ExtraBold.ttf"; sourceTree = "<group>"; };
		2DD7B45E245F50A0001B30F0 /* Roboto-ThinItalic.ttf */ = {isa = PBXFileReference; lastKnownFileType = file; path = "Roboto-ThinItalic.ttf"; sourceTree = "<group>"; };
		2DD7B45F245F50A0001B30F0 /* RobotoCondensed-Regular.ttf */ = {isa = PBXFileReference; lastKnownFileType = file; path = "RobotoCondensed-Regular.ttf"; sourceTree = "<group>"; };
		2DD7B460245F50A0001B30F0 /* Roboto-BoldItalic.ttf */ = {isa = PBXFileReference; lastKnownFileType = file; path = "Roboto-BoldItalic.ttf"; sourceTree = "<group>"; };
		2DD7B461245F50A0001B30F0 /* Montserrat-Black.ttf */ = {isa = PBXFileReference; lastKnownFileType = file; path = "Montserrat-Black.ttf"; sourceTree = "<group>"; };
		2DD7B462245F50A0001B30F0 /* Roboto-LightItalic.ttf */ = {isa = PBXFileReference; lastKnownFileType = file; path = "Roboto-LightItalic.ttf"; sourceTree = "<group>"; };
		2DD7B463245F50A0001B30F0 /* Montserrat-Regular.ttf */ = {isa = PBXFileReference; lastKnownFileType = file; path = "Montserrat-Regular.ttf"; sourceTree = "<group>"; };
		2DD7B464245F50A0001B30F0 /* Montserrat-Italic.ttf */ = {isa = PBXFileReference; lastKnownFileType = file; path = "Montserrat-Italic.ttf"; sourceTree = "<group>"; };
		2DD7B465245F50A0001B30F0 /* Roboto-Italic.ttf */ = {isa = PBXFileReference; lastKnownFileType = file; path = "Roboto-Italic.ttf"; sourceTree = "<group>"; };
		2DD7B466245F50A0001B30F0 /* Roboto-BlackItalic.ttf */ = {isa = PBXFileReference; lastKnownFileType = file; path = "Roboto-BlackItalic.ttf"; sourceTree = "<group>"; };
		2DD7B467245F50A0001B30F0 /* Roboto-Bold.ttf */ = {isa = PBXFileReference; lastKnownFileType = file; path = "Roboto-Bold.ttf"; sourceTree = "<group>"; };
		2DD7B468245F50A0001B30F0 /* Roboto-Thin.ttf */ = {isa = PBXFileReference; lastKnownFileType = file; path = "Roboto-Thin.ttf"; sourceTree = "<group>"; };
		2DD7B469245F50A0001B30F0 /* Roboto-Black.ttf */ = {isa = PBXFileReference; lastKnownFileType = file; path = "Roboto-Black.ttf"; sourceTree = "<group>"; };
		2DD7B46A245F50A0001B30F0 /* Montserrat-SemiBoldItalic.ttf */ = {isa = PBXFileReference; lastKnownFileType = file; path = "Montserrat-SemiBoldItalic.ttf"; sourceTree = "<group>"; };
		2DD7B46B245F50A0001B30F0 /* Montserrat-ExtraBoldItalic.ttf */ = {isa = PBXFileReference; lastKnownFileType = file; path = "Montserrat-ExtraBoldItalic.ttf"; sourceTree = "<group>"; };
		2DD7B491245F640C001B30F0 /* TitleText.swift */ = {isa = PBXFileReference; lastKnownFileType = sourcecode.swift; path = TitleText.swift; sourceTree = "<group>"; };
		2DD7B493245F646D001B30F0 /* SubtitleText.swift */ = {isa = PBXFileReference; lastKnownFileType = sourcecode.swift; path = SubtitleText.swift; sourceTree = "<group>"; };
		2DD7B495245F64D8001B30F0 /* CallToAction.swift */ = {isa = PBXFileReference; lastKnownFileType = sourcecode.swift; path = CallToAction.swift; sourceTree = "<group>"; };
		2DD7B497245F65E1001B30F0 /* SubCallToAction.swift */ = {isa = PBXFileReference; lastKnownFileType = sourcecode.swift; path = SubCallToAction.swift; sourceTree = "<group>"; };
		2DD7B499245F66F2001B30F0 /* Constants.swift */ = {isa = PBXFileReference; lastKnownFileType = sourcecode.swift; path = Constants.swift; sourceTree = "<group>"; };
		E220957F245BA49400819BD1 /* Environment.swift */ = {isa = PBXFileReference; lastKnownFileType = sourcecode.swift; path = Environment.swift; sourceTree = "<group>"; };
/* End PBXFileReference section */

/* Begin PBXFrameworksBuildPhase section */
		2D9CF3C72455B9F1005B085E /* Frameworks */ = {
			isa = PBXFrameworksBuildPhase;
			buildActionMask = 2147483647;
			files = (
				2D46AA5D2465E1710003936C /* SwiftProtobuf in Frameworks */,
			);
			runOnlyForDeploymentPostprocessing = 0;
		};
		2D9CF3E02455B9F5005B085E /* Frameworks */ = {
			isa = PBXFrameworksBuildPhase;
			buildActionMask = 2147483647;
			files = (
			);
			runOnlyForDeploymentPostprocessing = 0;
		};
		2D9CF3EB2455B9F5005B085E /* Frameworks */ = {
			isa = PBXFrameworksBuildPhase;
			buildActionMask = 2147483647;
			files = (
			);
			runOnlyForDeploymentPostprocessing = 0;
		};
/* End PBXFrameworksBuildPhase section */

/* Begin PBXGroup section */
		2D29BAEF24607D8500E8BEC4 /* ExposureNotification */ = {
			isa = PBXGroup;
			children = (
				2D29BAF024607DA100E8BEC4 /* ENStatus+Additions.swift */,
			);
			path = ExposureNotification;
			sourceTree = "<group>";
		};
		2D29BAF42460921B00E8BEC4 /* UserNotifications */ = {
			isa = PBXGroup;
			children = (
				2D29BAF224607F2C00E8BEC4 /* UNAuthorizationStatus+Additions.swift */,
			);
			path = UserNotifications;
			sourceTree = "<group>";
		};
		2D29BAF72460955000E8BEC4 /* Menu */ = {
			isa = PBXGroup;
			children = (
				2D29BAF52460951200E8BEC4 /* Menu.swift */,
				2D29BAF824609F6100E8BEC4 /* MenuTitleText.swift */,
			);
			path = Menu;
			sourceTree = "<group>";
		};
		2D46AA442465E10E0003936C /* Server */ = {
			isa = PBXGroup;
			children = (
				2D46AA452465E10E0003936C /* DiagnosisServerInterface.swift */,
				2D46AA462465E10E0003936C /* CovidWatchDiagnosisServer.swift */,
			);
			path = Server;
			sourceTree = "<group>";
		};
		2D46AA492465E1190003936C /* Utility */ = {
			isa = PBXGroup;
			children = (
				2D46AA4A2465E1190003936C /* URLSession+Additions.swift */,
				2D46AA4B2465E1190003936C /* UIWindow+ViewControllerUtility.swift */,
				2D46AA4C2465E1190003936C /* UIViewController+ErrorPresenting.swift */,
			);
			path = Utility;
			sourceTree = "<group>";
		};
		2D46AA502465E1240003936C /* AppleExposureNotificationApp */ = {
			isa = PBXGroup;
			children = (
				2D46AA512465E1240003936C /* ExposureManager.swift */,
				2D46AA522465E1240003936C /* DeveloperDiagnosisKeyFileProtobuf.proto */,
				2D46AA532465E1240003936C /* DeveloperDiagnosisKeyFileProtobuf.pb.swift */,
				2D46AA542465E1240003936C /* Server.swift */,
				2D46AA552465E1240003936C /* LocalStore.swift */,
			);
			path = AppleExposureNotificationApp;
			sourceTree = "<group>";
		};
		2D46AA602465E6A30003936C /* PossibleExposures */ = {
			isa = PBXGroup;
			children = (
				2D46AA5E2465E69E0003936C /* PossibleExposures.swift */,
				2D79429724671F28008AF148 /* PossibleExposureRow.swift */,
				2D79429B2467DB49008AF148 /* PossibleExposure.swift */,
				2D79429D2467E34D008AF148 /* PossibleExposureTable.swift */,
			);
			path = PossibleExposures;
			sourceTree = "<group>";
		};
		2D48BF7C245B21BD00012E79 /* Frameworks */ = {
			isa = PBXGroup;
			children = (
			);
			name = Frameworks;
			sourceTree = "<group>";
		};
		2D5D9403245FF86000718412 /* Data */ = {
			isa = PBXGroup;
			children = (
				2D46AA3A2465E1010003936C /* CodableDiagnosisKey+ExposureNotification.swift */,
				2D46AA382465E1000003936C /* ENExposureConfiguration+CodableExposureConfiguration.swift */,
				2D46AA3C2465E1010003936C /* ENTemporaryExposureKey+CodableDiagnosisKey.swift */,
				2D46AA3D2465E1010003936C /* PositiveDiagnosis.swift */,
				2D46AA3B2465E1010003936C /* PositiveDiagnosis+ExposureNotification.swift */,
				2D46AA392465E1000003936C /* UserDefaults+Shared.swift */,
				2D5D9404245FF88800718412 /* UserDefaultPropertyWrapper.swift */,
				2D5D9401245FF85C00718412 /* UserData.swift */,
			);
			path = Data;
			sourceTree = "<group>";
		};
		2D5D9414246025EC00718412 /* HowItWorks */ = {
			isa = PBXGroup;
			children = (
				2D5D940C246019D500718412 /* HowItWorks.swift */,
				2D46AA612466ADFD0003936C /* HowItWorks0.swift */,
				2D5D941524602FE100718412 /* HowItWorks1.swift */,
				2D9034B724603D6200351C3C /* HowItWorks2.swift */,
				2D9034B924603E1A00351C3C /* HowItWorks3.swift */,
				2D9034BB24603EA600351C3C /* HowItWorks4.swift */,
				2D9034B52460396300351C3C /* HowItWorksTitleText.swift */,
				2D9034BD24603F4D00351C3C /* HowItWorksSubtitleText.swift */,
			);
			path = HowItWorks;
			sourceTree = "<group>";
		};
		2D7942A12467E91A008AF148 /* Reporting */ = {
			isa = PBXGroup;
			children = (
				2D79429F2467E915008AF148 /* Reporting.swift */,
				2D7942A42467FB40008AF148 /* ReportingCallCode.swift */,
				2D7942A624682EF9008AF148 /* ReportingFinish.swift */,
			);
			path = Reporting;
			sourceTree = "<group>";
		};
		2D9034C32460497700351C3C /* Setup */ = {
			isa = PBXGroup;
			children = (
				2D9034C42460498A00351C3C /* Setup.swift */,
				2D9034C6246049EC00351C3C /* Setup1.swift */,
				2D9034C824604BB000351C3C /* Setup2.swift */,
			);
			path = Setup;
			sourceTree = "<group>";
		};
		2D9034CA2460509200351C3C /* Support */ = {
			isa = PBXGroup;
			children = (
				2D5D94102460231C00718412 /* PageView.swift */,
				2D5D940E2460231200718412 /* PageViewController.swift */,
				2D5D94122460232A00718412 /* PageControl.swift */,
				2DA839A22462FD5B004BD707 /* Blur.swift */,
			);
			path = Support;
			sourceTree = "<group>";
		};
		2D9034CB2460525200351C3C /* Home */ = {
			isa = PBXGroup;
			children = (
				2D5D940A2460118D00718412 /* Home.swift */,
				2D29BAE8246060B400E8BEC4 /* Alert.swift */,
				2DD7B495245F64D8001B30F0 /* CallToAction.swift */,
				2D7942952466CEE0008AF148 /* SmallCallToAction.swift */,
				2DD7B497245F65E1001B30F0 /* SubCallToAction.swift */,
				2DD7B491245F640C001B30F0 /* TitleText.swift */,
				2DD7B493245F646D001B30F0 /* SubtitleText.swift */,
				2D74E4682465D428002057B9 /* PossibleExposureSummary.swift */,
			);
			path = Home;
			sourceTree = "<group>";
		};
		2D9CF3C12455B9F1005B085E = {
			isa = PBXGroup;
			children = (
				2D9CF3CC2455B9F1005B085E /* CovidWatch */,
				2D9CF3E62455B9F5005B085E /* CovidWatchTests */,
				2D9CF3F12455B9F5005B085E /* CovidWatchUITests */,
				2D9CF3CB2455B9F1005B085E /* Products */,
				2D48BF7C245B21BD00012E79 /* Frameworks */,
			);
			sourceTree = "<group>";
		};
		2D9CF3CB2455B9F1005B085E /* Products */ = {
			isa = PBXGroup;
			children = (
				2D9CF3CA2455B9F1005B085E /* Covid Watch.app */,
				2D9CF3E32455B9F5005B085E /* CovidWatchTests.xctest */,
				2D9CF3EE2455B9F5005B085E /* CovidWatchUITests.xctest */,
			);
			name = Products;
			sourceTree = "<group>";
		};
		2D9CF3CC2455B9F1005B085E /* CovidWatch */ = {
			isa = PBXGroup;
			children = (
				2D48BF7B245B21BC00012E79 /* Covid Watch.entitlements */,
				2D63D591245CBCC00027D43B /* OSLog+Additions.swift */,
				E220957F245BA49400819BD1 /* Environment.swift */,
				2D9CF3CD2455B9F1005B085E /* AppDelegate.swift */,
				2D48BF79245AE51800012E79 /* AppDelegate+BackgroundTasks.swift */,
				2D9E6B2C2456E9A700150D1C /* AppDelegate+UserNotificationCenter.swift */,
				2D5D94062460000A00718412 /* ApplicationController.swift */,
				2D46AA502465E1240003936C /* AppleExposureNotificationApp */,
				2D29BAF42460921B00E8BEC4 /* UserNotifications */,
				2D29BAEF24607D8500E8BEC4 /* ExposureNotification */,
				2D5D9403245FF86000718412 /* Data */,
				2D46AA442465E10E0003936C /* Server */,
				2D46AA492465E1190003936C /* Utility */,
				2DD7B443245F4439001B30F0 /* Views */,
				2D9CF3D92455B9F4005B085E /* Assets.xcassets */,
				2D9CF3DB2455B9F4005B085E /* LaunchScreen.storyboard */,
				2D9CF3DE2455B9F4005B085E /* Info.plist */,
				2DD7B446245F50A0001B30F0 /* Montserrat */,
			);
			path = CovidWatch;
			sourceTree = "<group>";
		};
		2D9CF3E62455B9F5005B085E /* CovidWatchTests */ = {
			isa = PBXGroup;
			children = (
				2D9CF3E72455B9F5005B085E /* CovidWatchTests.swift */,
				2D9CF3E92455B9F5005B085E /* Info.plist */,
			);
			path = CovidWatchTests;
			sourceTree = "<group>";
		};
		2D9CF3F12455B9F5005B085E /* CovidWatchUITests */ = {
			isa = PBXGroup;
			children = (
				2D9CF3F22455B9F5005B085E /* CovidWatchUITests.swift */,
				2D9CF3F42455B9F5005B085E /* Info.plist */,
			);
			path = CovidWatchUITests;
			sourceTree = "<group>";
		};
		2DD7B443245F4439001B30F0 /* Views */ = {
			isa = PBXGroup;
			children = (
				2DD7B499245F66F2001B30F0 /* Constants.swift */,
				2DD7B441245F3FF1001B30F0 /* ContentView.swift */,
				2D5D94082460023900718412 /* Splash.swift */,
				2DD7B444245F4DE7001B30F0 /* HeaderBar.swift */,
				2D5D9414246025EC00718412 /* HowItWorks */,
				2D9034C32460497700351C3C /* Setup */,
				2D9034CB2460525200351C3C /* Home */,
				2D46AA602465E6A30003936C /* PossibleExposures */,
				2D7942A12467E91A008AF148 /* Reporting */,
				2D29BAF72460955000E8BEC4 /* Menu */,
				2D9034CA2460509200351C3C /* Support */,
			);
			path = Views;
			sourceTree = "<group>";
		};
		2DD7B446245F50A0001B30F0 /* Montserrat */ = {
			isa = PBXGroup;
			children = (
				2DD7B447245F50A0001B30F0 /* Roboto-Medium.ttf */,
				2DD7B448245F50A0001B30F0 /* Roboto-Light.ttf */,
				2DD7B449245F50A0001B30F0 /* Montserrat-LightItalic.ttf */,
				2DD7B44A245F50A0001B30F0 /* Montserrat-Medium.ttf */,
				2DD7B44B245F50A0001B30F0 /* RobotoCondensed-Bold.ttf */,
				2DD7B44C245F50A0001B30F0 /* RobotoCondensed-Light.ttf */,
				2DD7B44D245F50A0001B30F0 /* Roboto-Regular.ttf */,
				2DD7B44E245F50A0001B30F0 /* Roboto-MediumItalic.ttf */,
				2DD7B44F245F50A0001B30F0 /* Montserrat-BoldItalic.ttf */,
				2DD7B450245F50A0001B30F0 /* Montserrat-Light.ttf */,
				2DD7B451245F50A0001B30F0 /* Montserrat-ThinItalic.ttf */,
				2DD7B452245F50A0001B30F0 /* RobotoCondensed-Italic.ttf */,
				2DD7B453245F50A0001B30F0 /* Montserrat-ExtraLight.ttf */,
				2DD7B454245F50A0001B30F0 /* Montserrat-Thin.ttf */,
				2DD7B455245F50A0001B30F0 /* RobotoCondensed-BoldItalic.ttf */,
				2DD7B456245F50A0001B30F0 /* Montserrat-Bold.ttf */,
				2DD7B457245F50A0001B30F0 /* Montserrat-MediumItalic.ttf */,
				2DD7B458245F50A0001B30F0 /* Apache License.txt */,
				2DD7B459245F50A0001B30F0 /* Montserrat-BlackItalic.ttf */,
				2DD7B45A245F50A0001B30F0 /* RobotoCondensed-LightItalic.ttf */,
				2DD7B45B245F50A0001B30F0 /* Montserrat-SemiBold.ttf */,
				2DD7B45C245F50A0001B30F0 /* Montserrat-ExtraLightItalic.ttf */,
				2DD7B45D245F50A0001B30F0 /* Montserrat-ExtraBold.ttf */,
				2DD7B45E245F50A0001B30F0 /* Roboto-ThinItalic.ttf */,
				2DD7B45F245F50A0001B30F0 /* RobotoCondensed-Regular.ttf */,
				2DD7B460245F50A0001B30F0 /* Roboto-BoldItalic.ttf */,
				2DD7B461245F50A0001B30F0 /* Montserrat-Black.ttf */,
				2DD7B462245F50A0001B30F0 /* Roboto-LightItalic.ttf */,
				2DD7B463245F50A0001B30F0 /* Montserrat-Regular.ttf */,
				2DD7B464245F50A0001B30F0 /* Montserrat-Italic.ttf */,
				2DD7B465245F50A0001B30F0 /* Roboto-Italic.ttf */,
				2DD7B466245F50A0001B30F0 /* Roboto-BlackItalic.ttf */,
				2DD7B467245F50A0001B30F0 /* Roboto-Bold.ttf */,
				2DD7B468245F50A0001B30F0 /* Roboto-Thin.ttf */,
				2DD7B469245F50A0001B30F0 /* Roboto-Black.ttf */,
				2DD7B46A245F50A0001B30F0 /* Montserrat-SemiBoldItalic.ttf */,
				2DD7B46B245F50A0001B30F0 /* Montserrat-ExtraBoldItalic.ttf */,
			);
			path = Montserrat;
			sourceTree = "<group>";
		};
/* End PBXGroup section */

/* Begin PBXNativeTarget section */
		2D9CF3C92455B9F1005B085E /* CovidWatch */ = {
			isa = PBXNativeTarget;
			buildConfigurationList = 2D9CF3F72455B9F5005B085E /* Build configuration list for PBXNativeTarget "CovidWatch" */;
			buildPhases = (
				E20D4F06245B9B0000B97B4B /* Environment */,
				2D9CF3C62455B9F1005B085E /* Sources */,
				2D9CF3C72455B9F1005B085E /* Frameworks */,
				2D9CF3C82455B9F1005B085E /* Resources */,
			);
			buildRules = (
			);
			dependencies = (
			);
			name = CovidWatch;
			packageProductDependencies = (
				2D46AA5C2465E1710003936C /* SwiftProtobuf */,
			);
			productName = CovidWatch;
			productReference = 2D9CF3CA2455B9F1005B085E /* Covid Watch.app */;
			productType = "com.apple.product-type.application";
		};
		2D9CF3E22455B9F5005B085E /* CovidWatchTests */ = {
			isa = PBXNativeTarget;
			buildConfigurationList = 2D9CF3FA2455B9F5005B085E /* Build configuration list for PBXNativeTarget "CovidWatchTests" */;
			buildPhases = (
				2D9CF3DF2455B9F5005B085E /* Sources */,
				2D9CF3E02455B9F5005B085E /* Frameworks */,
				2D9CF3E12455B9F5005B085E /* Resources */,
			);
			buildRules = (
			);
			dependencies = (
				2D9CF3E52455B9F5005B085E /* PBXTargetDependency */,
			);
			name = CovidWatchTests;
			productName = CovidWatchTests;
			productReference = 2D9CF3E32455B9F5005B085E /* CovidWatchTests.xctest */;
			productType = "com.apple.product-type.bundle.unit-test";
		};
		2D9CF3ED2455B9F5005B085E /* CovidWatchUITests */ = {
			isa = PBXNativeTarget;
			buildConfigurationList = 2D9CF3FD2455B9F5005B085E /* Build configuration list for PBXNativeTarget "CovidWatchUITests" */;
			buildPhases = (
				2D9CF3EA2455B9F5005B085E /* Sources */,
				2D9CF3EB2455B9F5005B085E /* Frameworks */,
				2D9CF3EC2455B9F5005B085E /* Resources */,
			);
			buildRules = (
			);
			dependencies = (
				2D9CF3F02455B9F5005B085E /* PBXTargetDependency */,
			);
			name = CovidWatchUITests;
			productName = CovidWatchUITests;
			productReference = 2D9CF3EE2455B9F5005B085E /* CovidWatchUITests.xctest */;
			productType = "com.apple.product-type.bundle.ui-testing";
		};
/* End PBXNativeTarget section */

/* Begin PBXProject section */
		2D9CF3C22455B9F1005B085E /* Project object */ = {
			isa = PBXProject;
			attributes = {
				LastSwiftUpdateCheck = 1140;
				LastUpgradeCheck = 1140;
				ORGANIZATIONNAME = "Covid Watch";
				TargetAttributes = {
					2D9CF3C92455B9F1005B085E = {
						CreatedOnToolsVersion = 11.4.1;
					};
					2D9CF3E22455B9F5005B085E = {
						CreatedOnToolsVersion = 11.4.1;
						TestTargetID = 2D9CF3C92455B9F1005B085E;
					};
					2D9CF3ED2455B9F5005B085E = {
						CreatedOnToolsVersion = 11.4.1;
						TestTargetID = 2D9CF3C92455B9F1005B085E;
					};
				};
			};
			buildConfigurationList = 2D9CF3C52455B9F1005B085E /* Build configuration list for PBXProject "CovidWatch" */;
			compatibilityVersion = "Xcode 9.3";
			developmentRegion = en;
			hasScannedForEncodings = 0;
			knownRegions = (
				en,
				Base,
			);
			mainGroup = 2D9CF3C12455B9F1005B085E;
			packageReferences = (
				2D46AA5B2465E1710003936C /* XCRemoteSwiftPackageReference "swift-protobuf" */,
			);
			productRefGroup = 2D9CF3CB2455B9F1005B085E /* Products */;
			projectDirPath = "";
			projectRoot = "";
			targets = (
				2D9CF3C92455B9F1005B085E /* CovidWatch */,
				2D9CF3E22455B9F5005B085E /* CovidWatchTests */,
				2D9CF3ED2455B9F5005B085E /* CovidWatchUITests */,
			);
		};
/* End PBXProject section */

/* Begin PBXResourcesBuildPhase section */
		2D9CF3C82455B9F1005B085E /* Resources */ = {
			isa = PBXResourcesBuildPhase;
			buildActionMask = 2147483647;
			files = (
				2DD7B48F245F50A0001B30F0 /* Montserrat-SemiBoldItalic.ttf in Resources */,
				2DD7B47C245F50A0001B30F0 /* Montserrat-MediumItalic.ttf in Resources */,
				2DD7B475245F50A0001B30F0 /* Montserrat-Light.ttf in Resources */,
				2DD7B487245F50A0001B30F0 /* Roboto-LightItalic.ttf in Resources */,
				2DD7B48E245F50A0001B30F0 /* Roboto-Black.ttf in Resources */,
				2DD7B489245F50A0001B30F0 /* Montserrat-Italic.ttf in Resources */,
				2DD7B47F245F50A0001B30F0 /* RobotoCondensed-LightItalic.ttf in Resources */,
				2D9CF3DD2455B9F4005B085E /* LaunchScreen.storyboard in Resources */,
				2D9CF3DA2455B9F4005B085E /* Assets.xcassets in Resources */,
				2DD7B48C245F50A0001B30F0 /* Roboto-Bold.ttf in Resources */,
				2DD7B48D245F50A0001B30F0 /* Roboto-Thin.ttf in Resources */,
				2DD7B488245F50A0001B30F0 /* Montserrat-Regular.ttf in Resources */,
				2DD7B490245F50A0001B30F0 /* Montserrat-ExtraBoldItalic.ttf in Resources */,
				2DD7B477245F50A0001B30F0 /* RobotoCondensed-Italic.ttf in Resources */,
				2DD7B484245F50A0001B30F0 /* RobotoCondensed-Regular.ttf in Resources */,
				2DD7B47A245F50A0001B30F0 /* RobotoCondensed-BoldItalic.ttf in Resources */,
				2DD7B478245F50A0001B30F0 /* Montserrat-ExtraLight.ttf in Resources */,
				2DD7B471245F50A0001B30F0 /* RobotoCondensed-Light.ttf in Resources */,
				2DD7B46D245F50A0001B30F0 /* Roboto-Light.ttf in Resources */,
				2DD7B474245F50A0001B30F0 /* Montserrat-BoldItalic.ttf in Resources */,
				2DD7B486245F50A0001B30F0 /* Montserrat-Black.ttf in Resources */,
				2DD7B46E245F50A0001B30F0 /* Montserrat-LightItalic.ttf in Resources */,
				2DD7B483245F50A0001B30F0 /* Roboto-ThinItalic.ttf in Resources */,
				2DD7B470245F50A0001B30F0 /* RobotoCondensed-Bold.ttf in Resources */,
				2DD7B48B245F50A0001B30F0 /* Roboto-BlackItalic.ttf in Resources */,
				2DD7B473245F50A0001B30F0 /* Roboto-MediumItalic.ttf in Resources */,
				2DD7B472245F50A0001B30F0 /* Roboto-Regular.ttf in Resources */,
				2DD7B476245F50A0001B30F0 /* Montserrat-ThinItalic.ttf in Resources */,
				2DD7B47E245F50A0001B30F0 /* Montserrat-BlackItalic.ttf in Resources */,
				2DD7B481245F50A0001B30F0 /* Montserrat-ExtraLightItalic.ttf in Resources */,
				2DD7B47B245F50A0001B30F0 /* Montserrat-Bold.ttf in Resources */,
				2DD7B46F245F50A0001B30F0 /* Montserrat-Medium.ttf in Resources */,
				2DD7B482245F50A0001B30F0 /* Montserrat-ExtraBold.ttf in Resources */,
				2DD7B47D245F50A0001B30F0 /* Apache License.txt in Resources */,
				2DD7B480245F50A0001B30F0 /* Montserrat-SemiBold.ttf in Resources */,
				2DD7B479245F50A0001B30F0 /* Montserrat-Thin.ttf in Resources */,
				2DD7B485245F50A0001B30F0 /* Roboto-BoldItalic.ttf in Resources */,
				2DD7B48A245F50A0001B30F0 /* Roboto-Italic.ttf in Resources */,
				2DD7B46C245F50A0001B30F0 /* Roboto-Medium.ttf in Resources */,
			);
			runOnlyForDeploymentPostprocessing = 0;
		};
		2D9CF3E12455B9F5005B085E /* Resources */ = {
			isa = PBXResourcesBuildPhase;
			buildActionMask = 2147483647;
			files = (
			);
			runOnlyForDeploymentPostprocessing = 0;
		};
		2D9CF3EC2455B9F5005B085E /* Resources */ = {
			isa = PBXResourcesBuildPhase;
			buildActionMask = 2147483647;
			files = (
			);
			runOnlyForDeploymentPostprocessing = 0;
		};
/* End PBXResourcesBuildPhase section */

/* Begin PBXShellScriptBuildPhase section */
		E20D4F06245B9B0000B97B4B /* Environment */ = {
			isa = PBXShellScriptBuildPhase;
			buildActionMask = 2147483647;
			files = (
			);
			inputFileListPaths = (
			);
			inputPaths = (
			);
			name = Environment;
			outputFileListPaths = (
			);
			outputPaths = (
			);
			runOnlyForDeploymentPostprocessing = 0;
			shellPath = /bin/sh;
			shellScript = "# contents of SCHEME_FILE is definied in the scheme > build > pre action\n# SCHEME_FILE path is definied in Target Build Settings User Defined ENV vars\necho \"Running Scheme and IP Sniffer\"\nSCHEME_NAME=`cat ${SCHEME_FILE}`\necho $SCHEME_NAME\necho $INFOPLIST_FILE\n/usr/libexec/PlistBuddy -c \"Set :SchemeName \\\"$SCHEME_NAME\\\"\" \"$INFOPLIST_FILE\"\n\nif [ \"$SCHEME_NAME\" = \"CovidWatch-dev\" ]; then\nLOCAL_IP=$(LANG=C /sbin/ifconfig  | sed -ne $'/127.0.0.1/ ! { s/^[ \\t]*inet[ \\t]\\\\{1,99\\\\}\\\\(addr:\\\\)\\\\{0,1\\\\}\\\\([0-9.]*\\\\)[ \\t\\/].*$/\\\\2/p; }' | head -n 1)\nelse\nLOCAL_IP=\"\"\nfi;\n/usr/libexec/PlistBuddy -c \"Set :LocalIP \\\"$LOCAL_IP\\\"\" \"$INFOPLIST_FILE\"\n";
		};
/* End PBXShellScriptBuildPhase section */

/* Begin PBXSourcesBuildPhase section */
		2D9CF3C62455B9F1005B085E /* Sources */ = {
			isa = PBXSourcesBuildPhase;
			buildActionMask = 2147483647;
			files = (
				2D74E4692465D429002057B9 /* PossibleExposureSummary.swift in Sources */,
				2D46AA622466ADFE0003936C /* HowItWorks0.swift in Sources */,
				2D5D9402245FF85C00718412 /* UserData.swift in Sources */,
				2DD7B445245F4DE7001B30F0 /* HeaderBar.swift in Sources */,
				2D46AA5F2465E69E0003936C /* PossibleExposures.swift in Sources */,
				2D46AA592465E1240003936C /* Server.swift in Sources */,
				2D7942A724682EFA008AF148 /* ReportingFinish.swift in Sources */,
				2D5D94092460023900718412 /* Splash.swift in Sources */,
				2D5D9405245FF88800718412 /* UserDefaultPropertyWrapper.swift in Sources */,
				2D46AA562465E1240003936C /* ExposureManager.swift in Sources */,
				2D9034C52460498A00351C3C /* Setup.swift in Sources */,
				2D29BAF324607F2C00E8BEC4 /* UNAuthorizationStatus+Additions.swift in Sources */,
				2D7942962466CEE1008AF148 /* SmallCallToAction.swift in Sources */,
				2D46AA412465E1010003936C /* PositiveDiagnosis+ExposureNotification.swift in Sources */,
				2D46AA432465E1010003936C /* PositiveDiagnosis.swift in Sources */,
				2D7942A52467FB40008AF148 /* ReportingCallCode.swift in Sources */,
				2DD7B494245F646D001B30F0 /* SubtitleText.swift in Sources */,
				2D9034C924604BB000351C3C /* Setup2.swift in Sources */,
				2D5D94112460231C00718412 /* PageView.swift in Sources */,
				2D9CF3CE2455B9F1005B085E /* AppDelegate.swift in Sources */,
				2D46AA3E2465E1010003936C /* ENExposureConfiguration+CodableExposureConfiguration.swift in Sources */,
				2D29BAF124607DA100E8BEC4 /* ENStatus+Additions.swift in Sources */,
				2D7942A02467E915008AF148 /* Reporting.swift in Sources */,
				2D5D940D246019D500718412 /* HowItWorks.swift in Sources */,
				2D5D94132460232A00718412 /* PageControl.swift in Sources */,
				2D5D940B2460118D00718412 /* Home.swift in Sources */,
				2D46AA482465E10E0003936C /* CovidWatchDiagnosisServer.swift in Sources */,
				2D48BF7A245AE51800012E79 /* AppDelegate+BackgroundTasks.swift in Sources */,
				2DD7B496245F64D8001B30F0 /* CallToAction.swift in Sources */,
				2DD7B442245F3FF2001B30F0 /* ContentView.swift in Sources */,
				2D46AA4D2465E1190003936C /* URLSession+Additions.swift in Sources */,
				2D46AA472465E10E0003936C /* DiagnosisServerInterface.swift in Sources */,
				2D9034BE24603F4D00351C3C /* HowItWorksSubtitleText.swift in Sources */,
				2D79429C2467DB49008AF148 /* PossibleExposure.swift in Sources */,
				2DD7B498245F65E1001B30F0 /* SubCallToAction.swift in Sources */,
				2D5D94072460000A00718412 /* ApplicationController.swift in Sources */,
				2D9E6B2D2456E9A800150D1C /* AppDelegate+UserNotificationCenter.swift in Sources */,
				2D79429E2467E34D008AF148 /* PossibleExposureTable.swift in Sources */,
				2D46AA5A2465E1240003936C /* LocalStore.swift in Sources */,
				2D9034BA24603E1A00351C3C /* HowItWorks3.swift in Sources */,
				2D9034B62460396300351C3C /* HowItWorksTitleText.swift in Sources */,
				2D46AA582465E1240003936C /* DeveloperDiagnosisKeyFileProtobuf.pb.swift in Sources */,
				2D5D941624602FE100718412 /* HowItWorks1.swift in Sources */,
				2D46AA402465E1010003936C /* CodableDiagnosisKey+ExposureNotification.swift in Sources */,
				2D29BAF62460951200E8BEC4 /* Menu.swift in Sources */,
				2DA839A32462FD5C004BD707 /* Blur.swift in Sources */,
				2D79429824671F28008AF148 /* PossibleExposureRow.swift in Sources */,
				2D9034BC24603EA600351C3C /* HowItWorks4.swift in Sources */,
				2D5D940F2460231200718412 /* PageViewController.swift in Sources */,
				2D46AA4E2465E1190003936C /* UIWindow+ViewControllerUtility.swift in Sources */,
				2D29BAF924609F6100E8BEC4 /* MenuTitleText.swift in Sources */,
				2DD7B492245F640C001B30F0 /* TitleText.swift in Sources */,
				2D63D592245CBCC10027D43B /* OSLog+Additions.swift in Sources */,
				E2209580245BA49400819BD1 /* Environment.swift in Sources */,
				2DD7B49A245F66F2001B30F0 /* Constants.swift in Sources */,
				2D46AA3F2465E1010003936C /* UserDefaults+Shared.swift in Sources */,
				2D9034B824603D6200351C3C /* HowItWorks2.swift in Sources */,
				2D46AA422465E1010003936C /* ENTemporaryExposureKey+CodableDiagnosisKey.swift in Sources */,
				2D29BAE9246060B400E8BEC4 /* Alert.swift in Sources */,
				2D46AA4F2465E1190003936C /* UIViewController+ErrorPresenting.swift in Sources */,
				2D9034C7246049EC00351C3C /* Setup1.swift in Sources */,
			);
			runOnlyForDeploymentPostprocessing = 0;
		};
		2D9CF3DF2455B9F5005B085E /* Sources */ = {
			isa = PBXSourcesBuildPhase;
			buildActionMask = 2147483647;
			files = (
				2D9CF3E82455B9F5005B085E /* CovidWatchTests.swift in Sources */,
			);
			runOnlyForDeploymentPostprocessing = 0;
		};
		2D9CF3EA2455B9F5005B085E /* Sources */ = {
			isa = PBXSourcesBuildPhase;
			buildActionMask = 2147483647;
			files = (
				2D9CF3F32455B9F5005B085E /* CovidWatchUITests.swift in Sources */,
			);
			runOnlyForDeploymentPostprocessing = 0;
		};
/* End PBXSourcesBuildPhase section */

/* Begin PBXTargetDependency section */
		2D9CF3E52455B9F5005B085E /* PBXTargetDependency */ = {
			isa = PBXTargetDependency;
			target = 2D9CF3C92455B9F1005B085E /* CovidWatch */;
			targetProxy = 2D9CF3E42455B9F5005B085E /* PBXContainerItemProxy */;
		};
		2D9CF3F02455B9F5005B085E /* PBXTargetDependency */ = {
			isa = PBXTargetDependency;
			target = 2D9CF3C92455B9F1005B085E /* CovidWatch */;
			targetProxy = 2D9CF3EF2455B9F5005B085E /* PBXContainerItemProxy */;
		};
/* End PBXTargetDependency section */

/* Begin PBXVariantGroup section */
		2D9CF3DB2455B9F4005B085E /* LaunchScreen.storyboard */ = {
			isa = PBXVariantGroup;
			children = (
				2D9CF3DC2455B9F4005B085E /* Base */,
			);
			name = LaunchScreen.storyboard;
			sourceTree = "<group>";
		};
/* End PBXVariantGroup section */

/* Begin XCBuildConfiguration section */
		2D9CF3F52455B9F5005B085E /* Debug */ = {
			isa = XCBuildConfiguration;
			buildSettings = {
				ALWAYS_SEARCH_USER_PATHS = NO;
				CLANG_ANALYZER_NONNULL = YES;
				CLANG_ANALYZER_NUMBER_OBJECT_CONVERSION = YES_AGGRESSIVE;
				CLANG_CXX_LANGUAGE_STANDARD = "gnu++14";
				CLANG_CXX_LIBRARY = "libc++";
				CLANG_ENABLE_MODULES = YES;
				CLANG_ENABLE_OBJC_ARC = YES;
				CLANG_ENABLE_OBJC_WEAK = YES;
				CLANG_WARN_BLOCK_CAPTURE_AUTORELEASING = YES;
				CLANG_WARN_BOOL_CONVERSION = YES;
				CLANG_WARN_COMMA = YES;
				CLANG_WARN_CONSTANT_CONVERSION = YES;
				CLANG_WARN_DEPRECATED_OBJC_IMPLEMENTATIONS = YES;
				CLANG_WARN_DIRECT_OBJC_ISA_USAGE = YES_ERROR;
				CLANG_WARN_DOCUMENTATION_COMMENTS = YES;
				CLANG_WARN_EMPTY_BODY = YES;
				CLANG_WARN_ENUM_CONVERSION = YES;
				CLANG_WARN_INFINITE_RECURSION = YES;
				CLANG_WARN_INT_CONVERSION = YES;
				CLANG_WARN_NON_LITERAL_NULL_CONVERSION = YES;
				CLANG_WARN_OBJC_IMPLICIT_RETAIN_SELF = YES;
				CLANG_WARN_OBJC_LITERAL_CONVERSION = YES;
				CLANG_WARN_OBJC_ROOT_CLASS = YES_ERROR;
				CLANG_WARN_RANGE_LOOP_ANALYSIS = YES;
				CLANG_WARN_STRICT_PROTOTYPES = YES;
				CLANG_WARN_SUSPICIOUS_MOVE = YES;
				CLANG_WARN_UNGUARDED_AVAILABILITY = YES_AGGRESSIVE;
				CLANG_WARN_UNREACHABLE_CODE = YES;
				CLANG_WARN__DUPLICATE_METHOD_MATCH = YES;
				COPY_PHASE_STRIP = NO;
				DEBUG_INFORMATION_FORMAT = dwarf;
				ENABLE_STRICT_OBJC_MSGSEND = YES;
				ENABLE_TESTABILITY = YES;
				GCC_C_LANGUAGE_STANDARD = gnu11;
				GCC_DYNAMIC_NO_PIC = NO;
				GCC_NO_COMMON_BLOCKS = YES;
				GCC_OPTIMIZATION_LEVEL = 0;
				GCC_PREPROCESSOR_DEFINITIONS = (
					"DEBUG=1",
					"$(inherited)",
				);
				GCC_WARN_64_TO_32_BIT_CONVERSION = YES;
				GCC_WARN_ABOUT_RETURN_TYPE = YES_ERROR;
				GCC_WARN_UNDECLARED_SELECTOR = YES;
				GCC_WARN_UNINITIALIZED_AUTOS = YES_AGGRESSIVE;
				GCC_WARN_UNUSED_FUNCTION = YES;
				GCC_WARN_UNUSED_VARIABLE = YES;
				IPHONEOS_DEPLOYMENT_TARGET = 13.4;
				MTL_ENABLE_DEBUG_INFO = INCLUDE_SOURCE;
				MTL_FAST_MATH = YES;
				ONLY_ACTIVE_ARCH = YES;
				SDKROOT = iphoneos;
				SWIFT_ACTIVE_COMPILATION_CONDITIONS = DEBUG;
				SWIFT_OPTIMIZATION_LEVEL = "-Onone";
			};
			name = Debug;
		};
		2D9CF3F62455B9F5005B085E /* Release */ = {
			isa = XCBuildConfiguration;
			buildSettings = {
				ALWAYS_SEARCH_USER_PATHS = NO;
				CLANG_ANALYZER_NONNULL = YES;
				CLANG_ANALYZER_NUMBER_OBJECT_CONVERSION = YES_AGGRESSIVE;
				CLANG_CXX_LANGUAGE_STANDARD = "gnu++14";
				CLANG_CXX_LIBRARY = "libc++";
				CLANG_ENABLE_MODULES = YES;
				CLANG_ENABLE_OBJC_ARC = YES;
				CLANG_ENABLE_OBJC_WEAK = YES;
				CLANG_WARN_BLOCK_CAPTURE_AUTORELEASING = YES;
				CLANG_WARN_BOOL_CONVERSION = YES;
				CLANG_WARN_COMMA = YES;
				CLANG_WARN_CONSTANT_CONVERSION = YES;
				CLANG_WARN_DEPRECATED_OBJC_IMPLEMENTATIONS = YES;
				CLANG_WARN_DIRECT_OBJC_ISA_USAGE = YES_ERROR;
				CLANG_WARN_DOCUMENTATION_COMMENTS = YES;
				CLANG_WARN_EMPTY_BODY = YES;
				CLANG_WARN_ENUM_CONVERSION = YES;
				CLANG_WARN_INFINITE_RECURSION = YES;
				CLANG_WARN_INT_CONVERSION = YES;
				CLANG_WARN_NON_LITERAL_NULL_CONVERSION = YES;
				CLANG_WARN_OBJC_IMPLICIT_RETAIN_SELF = YES;
				CLANG_WARN_OBJC_LITERAL_CONVERSION = YES;
				CLANG_WARN_OBJC_ROOT_CLASS = YES_ERROR;
				CLANG_WARN_RANGE_LOOP_ANALYSIS = YES;
				CLANG_WARN_STRICT_PROTOTYPES = YES;
				CLANG_WARN_SUSPICIOUS_MOVE = YES;
				CLANG_WARN_UNGUARDED_AVAILABILITY = YES_AGGRESSIVE;
				CLANG_WARN_UNREACHABLE_CODE = YES;
				CLANG_WARN__DUPLICATE_METHOD_MATCH = YES;
				COPY_PHASE_STRIP = NO;
				DEBUG_INFORMATION_FORMAT = "dwarf-with-dsym";
				ENABLE_NS_ASSERTIONS = NO;
				ENABLE_STRICT_OBJC_MSGSEND = YES;
				GCC_C_LANGUAGE_STANDARD = gnu11;
				GCC_NO_COMMON_BLOCKS = YES;
				GCC_WARN_64_TO_32_BIT_CONVERSION = YES;
				GCC_WARN_ABOUT_RETURN_TYPE = YES_ERROR;
				GCC_WARN_UNDECLARED_SELECTOR = YES;
				GCC_WARN_UNINITIALIZED_AUTOS = YES_AGGRESSIVE;
				GCC_WARN_UNUSED_FUNCTION = YES;
				GCC_WARN_UNUSED_VARIABLE = YES;
				IPHONEOS_DEPLOYMENT_TARGET = 13.4;
				MTL_ENABLE_DEBUG_INFO = NO;
				MTL_FAST_MATH = YES;
				SDKROOT = iphoneos;
				SWIFT_COMPILATION_MODE = wholemodule;
				SWIFT_OPTIMIZATION_LEVEL = "-O";
				VALIDATE_PRODUCT = YES;
			};
			name = Release;
		};
		2D9CF3F82455B9F5005B085E /* Debug */ = {
			isa = XCBuildConfiguration;
			buildSettings = {
				ASSETCATALOG_COMPILER_APPICON_NAME = AppIcon;
				CODE_SIGN_ENTITLEMENTS = "CovidWatch/Covid Watch.entitlements";
				CODE_SIGN_IDENTITY = "iPhone Developer";
				CODE_SIGN_STYLE = Manual;
				CURRENT_PROJECT_VERSION = 82;
				DEVELOPMENT_TEAM = GD7NMG67S7;
				INFOPLIST_FILE = CovidWatch/Info.plist;
				INTERMEDIATES_OUTPUT_DIR = "${PROJECT_DIR}/build/intermediates/${CONFIGURATION}/";
				IPHONEOS_DEPLOYMENT_TARGET = 13.5;
				LD_RUNPATH_SEARCH_PATHS = (
					"$(inherited)",
					"@executable_path/Frameworks",
				);
				PRODUCT_BUNDLE_IDENTIFIER = org.covidwatch.california.ios;
				PRODUCT_NAME = "Covid Watch";
				PROVISIONING_PROFILE_SPECIFIER = "Covid Watch EN Dev";
				SCHEME_FILE = "${INTERMEDIATES_OUTPUT_DIR}current_scheme.txt";
				SWIFT_VERSION = 5.0;
				TARGETED_DEVICE_FAMILY = 1;
			};
			name = Debug;
		};
		2D9CF3F92455B9F5005B085E /* Release */ = {
			isa = XCBuildConfiguration;
			buildSettings = {
				ASSETCATALOG_COMPILER_APPICON_NAME = AppIcon;
				CODE_SIGN_ENTITLEMENTS = "CovidWatch/Covid Watch.entitlements";
				CODE_SIGN_IDENTITY = "iPhone Developer";
				CODE_SIGN_STYLE = Manual;
				CURRENT_PROJECT_VERSION = 82;
				DEVELOPMENT_TEAM = GD7NMG67S7;
				INFOPLIST_FILE = CovidWatch/Info.plist;
				INTERMEDIATES_OUTPUT_DIR = "${PROJECT_DIR}/build/intermediates/${CONFIGURATION}/";
				IPHONEOS_DEPLOYMENT_TARGET = 13.5;
				LD_RUNPATH_SEARCH_PATHS = (
					"$(inherited)",
					"@executable_path/Frameworks",
				);
				PRODUCT_BUNDLE_IDENTIFIER = org.covidwatch.california.ios;
				PRODUCT_NAME = "Covid Watch";
				PROVISIONING_PROFILE_SPECIFIER = "Covid Watch EN Dev";
				SCHEME_FILE = "${INTERMEDIATES_OUTPUT_DIR}current_scheme.txt";
				SWIFT_VERSION = 5.0;
				TARGETED_DEVICE_FAMILY = 1;
			};
			name = Release;
		};
		2D9CF3FB2455B9F5005B085E /* Debug */ = {
			isa = XCBuildConfiguration;
			buildSettings = {
				ALWAYS_EMBED_SWIFT_STANDARD_LIBRARIES = YES;
				BUNDLE_LOADER = "$(TEST_HOST)";
				CODE_SIGN_STYLE = Automatic;
				INFOPLIST_FILE = CovidWatchTests/Info.plist;
				IPHONEOS_DEPLOYMENT_TARGET = 13.4;
				LD_RUNPATH_SEARCH_PATHS = (
					"$(inherited)",
					"@executable_path/Frameworks",
					"@loader_path/Frameworks",
				);
				PRODUCT_BUNDLE_IDENTIFIER = org.covidwatch.CovidWatchTests;
				PRODUCT_NAME = "$(TARGET_NAME)";
				SWIFT_VERSION = 5.0;
				TARGETED_DEVICE_FAMILY = "1,2";
				TEST_HOST = "$(BUILT_PRODUCTS_DIR)/CovidWatch.app/CovidWatch";
			};
			name = Debug;
		};
		2D9CF3FC2455B9F5005B085E /* Release */ = {
			isa = XCBuildConfiguration;
			buildSettings = {
				ALWAYS_EMBED_SWIFT_STANDARD_LIBRARIES = YES;
				BUNDLE_LOADER = "$(TEST_HOST)";
				CODE_SIGN_STYLE = Automatic;
				INFOPLIST_FILE = CovidWatchTests/Info.plist;
				IPHONEOS_DEPLOYMENT_TARGET = 13.4;
				LD_RUNPATH_SEARCH_PATHS = (
					"$(inherited)",
					"@executable_path/Frameworks",
					"@loader_path/Frameworks",
				);
				PRODUCT_BUNDLE_IDENTIFIER = org.covidwatch.CovidWatchTests;
				PRODUCT_NAME = "$(TARGET_NAME)";
				SWIFT_VERSION = 5.0;
				TARGETED_DEVICE_FAMILY = "1,2";
				TEST_HOST = "$(BUILT_PRODUCTS_DIR)/CovidWatch.app/CovidWatch";
			};
			name = Release;
		};
		2D9CF3FE2455B9F5005B085E /* Debug */ = {
			isa = XCBuildConfiguration;
			buildSettings = {
				ALWAYS_EMBED_SWIFT_STANDARD_LIBRARIES = YES;
				CODE_SIGN_STYLE = Automatic;
				INFOPLIST_FILE = CovidWatchUITests/Info.plist;
				LD_RUNPATH_SEARCH_PATHS = (
					"$(inherited)",
					"@executable_path/Frameworks",
					"@loader_path/Frameworks",
				);
				PRODUCT_BUNDLE_IDENTIFIER = org.covidwatch.CovidWatchUITests;
				PRODUCT_NAME = "$(TARGET_NAME)";
				SWIFT_VERSION = 5.0;
				TARGETED_DEVICE_FAMILY = "1,2";
				TEST_TARGET_NAME = CovidWatch;
			};
			name = Debug;
		};
		2D9CF3FF2455B9F5005B085E /* Release */ = {
			isa = XCBuildConfiguration;
			buildSettings = {
				ALWAYS_EMBED_SWIFT_STANDARD_LIBRARIES = YES;
				CODE_SIGN_STYLE = Automatic;
				INFOPLIST_FILE = CovidWatchUITests/Info.plist;
				LD_RUNPATH_SEARCH_PATHS = (
					"$(inherited)",
					"@executable_path/Frameworks",
					"@loader_path/Frameworks",
				);
				PRODUCT_BUNDLE_IDENTIFIER = org.covidwatch.CovidWatchUITests;
				PRODUCT_NAME = "$(TARGET_NAME)";
				SWIFT_VERSION = 5.0;
				TARGETED_DEVICE_FAMILY = "1,2";
				TEST_TARGET_NAME = CovidWatch;
			};
			name = Release;
		};
/* End XCBuildConfiguration section */

/* Begin XCConfigurationList section */
		2D9CF3C52455B9F1005B085E /* Build configuration list for PBXProject "CovidWatch" */ = {
			isa = XCConfigurationList;
			buildConfigurations = (
				2D9CF3F52455B9F5005B085E /* Debug */,
				2D9CF3F62455B9F5005B085E /* Release */,
			);
			defaultConfigurationIsVisible = 0;
			defaultConfigurationName = Release;
		};
		2D9CF3F72455B9F5005B085E /* Build configuration list for PBXNativeTarget "CovidWatch" */ = {
			isa = XCConfigurationList;
			buildConfigurations = (
				2D9CF3F82455B9F5005B085E /* Debug */,
				2D9CF3F92455B9F5005B085E /* Release */,
			);
			defaultConfigurationIsVisible = 0;
			defaultConfigurationName = Release;
		};
		2D9CF3FA2455B9F5005B085E /* Build configuration list for PBXNativeTarget "CovidWatchTests" */ = {
			isa = XCConfigurationList;
			buildConfigurations = (
				2D9CF3FB2455B9F5005B085E /* Debug */,
				2D9CF3FC2455B9F5005B085E /* Release */,
			);
			defaultConfigurationIsVisible = 0;
			defaultConfigurationName = Release;
		};
		2D9CF3FD2455B9F5005B085E /* Build configuration list for PBXNativeTarget "CovidWatchUITests" */ = {
			isa = XCConfigurationList;
			buildConfigurations = (
				2D9CF3FE2455B9F5005B085E /* Debug */,
				2D9CF3FF2455B9F5005B085E /* Release */,
			);
			defaultConfigurationIsVisible = 0;
			defaultConfigurationName = Release;
		};
/* End XCConfigurationList section */

/* Begin XCRemoteSwiftPackageReference section */
		2D46AA5B2465E1710003936C /* XCRemoteSwiftPackageReference "swift-protobuf" */ = {
			isa = XCRemoteSwiftPackageReference;
			repositoryURL = "https://github.com/apple/swift-protobuf.git";
			requirement = {
				kind = upToNextMajorVersion;
				minimumVersion = 1.8.0;
			};
		};
/* End XCRemoteSwiftPackageReference section */

/* Begin XCSwiftPackageProductDependency section */
		2D46AA5C2465E1710003936C /* SwiftProtobuf */ = {
			isa = XCSwiftPackageProductDependency;
			package = 2D46AA5B2465E1710003936C /* XCRemoteSwiftPackageReference "swift-protobuf" */;
			productName = SwiftProtobuf;
		};
/* End XCSwiftPackageProductDependency section */
	};
	rootObject = 2D9CF3C22455B9F1005B085E /* Project object */;
}
